
Microsoft Visual Studio Solution File, Format Version 12.00
# Visual Studio Version 17
VisualStudioVersion = 17.10.34928.147
MinimumVisualStudioVersion = 10.0.40219.1
Project("{8BC9CEB8-8B4A-11D0-8D11-00A0C91BC942}") = "crosshair", "crosshair.vcxproj", "{061A4912-449A-4956-A4F3-B14CC67429A4}"
EndProject
Global
	GlobalSection(SolutionConfigurationPlatforms) = preSolution
		Debug|x64 = Debug|x64
		Debug|x86 = Debug|x86
		Release|x64 = Release|x64
		Release|x86 = Release|x86
	EndGlobalSection
	GlobalSection(ProjectConfigurationPlatforms) = postSolution
		{061A4912-449A-4956-A4F3-B14CC67429A4}.Debug|x64.ActiveCfg = Debug|x64
		{061A4912-449A-4956-A4F3-B14CC67429A4}.Debug|x64.Build.0 = Debug|x64
		{061A4912-449A-4956-A4F3-B14CC67429A4}.Debug|x86.ActiveCfg = Debug|Win32
		{061A4912-449A-4956-A4F3-B14CC67429A4}.Debug|x86.Build.0 = Debug|Win32
		{061A4912-449A-4956-A4F3-B14CC67429A4}.Release|x64.ActiveCfg = Release|x64
		{061A4912-449A-4956-A4F3-B14CC67429A4}.Release|x64.Build.0 = Release|x64
		{061A4912-449A-4956-A4F3-B14CC67429A4}.Release|x86.ActiveCfg = Release|Win32
		{061A4912-449A-4956-A4F3-B14CC67429A4}.Release|x86.Build.0 = Release|Win32
	EndGlobalSection
	GlobalSection(SolutionProperties) = preSolution
		HideSolutionNode = FALSE
	EndGlobalSection
	GlobalSection(ExtensibilityGlobals) = postSolution
		SolutionGuid = {04604917-7A0A-4CE4-BB25-9FAC117F2B04}
	EndGlobalSection
EndGlobal
